
Microsoft Visual Studio Solution File, Format Version 12.00
# Visual Studio Version 16
VisualStudioVersion = 16.0.30621.155
MinimumVisualStudioVersion = 10.0.40219.1
Project("{8BC9CEB8-8B4A-11D0-8D11-00A0C91BC942}") = "7.1", "7.1\7.1.vcxproj", "{0221DC47-E888-46F3-B536-CDE3D7F05CF2}"
EndProject
Project("{8BC9CEB8-8B4A-11D0-8D11-00A0C91BC942}") = "UnitTest7.1", "UnitTest7.1\UnitTest7.1.vcxproj", "{E8044581-80B6-4AF7-B646-AB23A9CB3649}"
EndProject
Global
	GlobalSection(SolutionConfigurationPlatforms) = preSolution
		Debug|x64 = Debug|x64
		Debug|x86 = Debug|x86
		Release|x64 = Release|x64
		Release|x86 = Release|x86
	EndGlobalSection
	GlobalSection(ProjectConfigurationPlatforms) = postSolution
		{0221DC47-E888-46F3-B536-CDE3D7F05CF2}.Debug|x64.ActiveCfg = Debug|x64
		{0221DC47-E888-46F3-B536-CDE3D7F05CF2}.Debug|x64.Build.0 = Debug|x64
		{0221DC47-E888-46F3-B536-CDE3D7F05CF2}.Debug|x86.ActiveCfg = Debug|Win32
		{0221DC47-E888-46F3-B536-CDE3D7F05CF2}.Debug|x86.Build.0 = Debug|Win32
		{0221DC47-E888-46F3-B536-CDE3D7F05CF2}.Release|x64.ActiveCfg = Release|x64
		{0221DC47-E888-46F3-B536-CDE3D7F05CF2}.Release|x64.Build.0 = Release|x64
		{0221DC47-E888-46F3-B536-CDE3D7F05CF2}.Release|x86.ActiveCfg = Release|Win32
		{0221DC47-E888-46F3-B536-CDE3D7F05CF2}.Release|x86.Build.0 = Release|Win32
		{E8044581-80B6-4AF7-B646-AB23A9CB3649}.Debug|x64.ActiveCfg = Debug|x64
		{E8044581-80B6-4AF7-B646-AB23A9CB3649}.Debug|x64.Build.0 = Debug|x64
		{E8044581-80B6-4AF7-B646-AB23A9CB3649}.Debug|x86.ActiveCfg = Debug|Win32
		{E8044581-80B6-4AF7-B646-AB23A9CB3649}.Debug|x86.Build.0 = Debug|Win32
		{E8044581-80B6-4AF7-B646-AB23A9CB3649}.Release|x64.ActiveCfg = Release|x64
		{E8044581-80B6-4AF7-B646-AB23A9CB3649}.Release|x64.Build.0 = Release|x64
		{E8044581-80B6-4AF7-B646-AB23A9CB3649}.Release|x86.ActiveCfg = Release|Win32
		{E8044581-80B6-4AF7-B646-AB23A9CB3649}.Release|x86.Build.0 = Release|Win32
	EndGlobalSection
	GlobalSection(SolutionProperties) = preSolution
		HideSolutionNode = FALSE
	EndGlobalSection
	GlobalSection(ExtensibilityGlobals) = postSolution
		SolutionGuid = {EF37CA02-49C2-46CC-822D-B49E90B293EA}
	EndGlobalSection
EndGlobal
